
Microsoft Visual Studio Solution File, Format Version 12.00
# Visual Studio Version 16
VisualStudioVersion = 16.0.30114.105
MinimumVisualStudioVersion = 10.0.40219.1
Project("{FAE04EC0-301F-11D3-BF4B-00C04F79EFBC}") = "Cusco.LowLevel", "libs\low-level\Cusco.LowLevel.csproj", "{3789272F-75FD-4346-A7CF-B78F3BDC8ADD}"
EndProject
Project("{FAE04EC0-301F-11D3-BF4B-00C04F79EFBC}") = "Cusco.LowLevel.Test", "libs\low-level-test\Cusco.LowLevel.Test.csproj", "{9FA93316-901D-4E65-9DD9-63A477EE85AA}"
EndProject
Project("{9A19103F-16F7-4668-BE54-9A1E7A4F7556}") = "Cusco.UnsafeIL", "libs\unsafe-il\Cusco.UnsafeIL.ilproj", "{CC983671-96A7-408C-8CEF-FD2C0C048157}"
EndProject
Project("{FAE04EC0-301F-11D3-BF4B-00C04F79EFBC}") = "Cusco.Core", "libs\core\Cusco.Core.csproj", "{CF05AAE5-C2A9-4939-96AE-BC43FE0D4227}"
EndProject
Project("{FAE04EC0-301F-11D3-BF4B-00C04F79EFBC}") = "Cusco.Core.Test", "libs\core-test\Cusco.Core.Test.csproj", "{695A2187-A435-4889-B848-A217010C12D1}"
EndProject
Project("{FAE04EC0-301F-11D3-BF4B-00C04F79EFBC}") = "Cusco.CSharpPolyfills", "libs\csharp-polyfills\Cusco.CSharpPolyfills.csproj", "{3BB36E4F-4B6A-46C3-9C70-CBC9B6D3E6F8}"
EndProject
Project("{2150E333-8FDC-42A3-9474-1A3956D46DE8}") = "libs", "libs", "{E27F9E71-EA58-4C6F-9BBB-A4A4BC05954B}"
EndProject
Project("{FAE04EC0-301F-11D3-BF4B-00C04F79EFBC}") = "Cusco.CSharpPolyfills.Test", "libs\csharp-polyfills-test\Cusco.CSharpPolyfills.Test.csproj", "{A53A8FC4-FCBE-4458-8604-8C995B174765}"
EndProject
Project("{FAE04EC0-301F-11D3-BF4B-00C04F79EFBC}") = "Cusco.Dispatch", "libs\dispatch\Cusco.Dispatch.csproj", "{6294B79B-C53C-49B9-B903-58B489FCC3E5}"
EndProject
Project("{FAE04EC0-301F-11D3-BF4B-00C04F79EFBC}") = "Cusco.Dispatch.Test", "libs\dispatch-test\Cusco.Dispatch.Test.csproj", "{DCF8E3D0-A515-444E-9616-E10704D5D40D}"
EndProject
Global
	GlobalSection(SolutionConfigurationPlatforms) = preSolution
		Debug|Any CPU = Debug|Any CPU
		Release|Any CPU = Release|Any CPU
	EndGlobalSection
	GlobalSection(SolutionProperties) = preSolution
		HideSolutionNode = FALSE
	EndGlobalSection
	GlobalSection(ProjectConfigurationPlatforms) = postSolution
		{3789272F-75FD-4346-A7CF-B78F3BDC8ADD}.Debug|Any CPU.ActiveCfg = Debug|Any CPU
		{3789272F-75FD-4346-A7CF-B78F3BDC8ADD}.Debug|Any CPU.Build.0 = Debug|Any CPU
		{3789272F-75FD-4346-A7CF-B78F3BDC8ADD}.Release|Any CPU.ActiveCfg = Release|Any CPU
		{3789272F-75FD-4346-A7CF-B78F3BDC8ADD}.Release|Any CPU.Build.0 = Release|Any CPU
		{9FA93316-901D-4E65-9DD9-63A477EE85AA}.Debug|Any CPU.ActiveCfg = Debug|Any CPU
		{9FA93316-901D-4E65-9DD9-63A477EE85AA}.Debug|Any CPU.Build.0 = Debug|Any CPU
		{9FA93316-901D-4E65-9DD9-63A477EE85AA}.Release|Any CPU.ActiveCfg = Release|Any CPU
		{9FA93316-901D-4E65-9DD9-63A477EE85AA}.Release|Any CPU.Build.0 = Release|Any CPU
		{CC983671-96A7-408C-8CEF-FD2C0C048157}.Debug|Any CPU.ActiveCfg = Debug|Any CPU
		{CC983671-96A7-408C-8CEF-FD2C0C048157}.Debug|Any CPU.Build.0 = Debug|Any CPU
		{CC983671-96A7-408C-8CEF-FD2C0C048157}.Release|Any CPU.ActiveCfg = Release|Any CPU
		{CC983671-96A7-408C-8CEF-FD2C0C048157}.Release|Any CPU.Build.0 = Release|Any CPU
		{CF05AAE5-C2A9-4939-96AE-BC43FE0D4227}.Debug|Any CPU.ActiveCfg = Debug|Any CPU
		{CF05AAE5-C2A9-4939-96AE-BC43FE0D4227}.Debug|Any CPU.Build.0 = Debug|Any CPU
		{CF05AAE5-C2A9-4939-96AE-BC43FE0D4227}.Release|Any CPU.ActiveCfg = Release|Any CPU
		{CF05AAE5-C2A9-4939-96AE-BC43FE0D4227}.Release|Any CPU.Build.0 = Release|Any CPU
		{695A2187-A435-4889-B848-A217010C12D1}.Debug|Any CPU.ActiveCfg = Debug|Any CPU
		{695A2187-A435-4889-B848-A217010C12D1}.Debug|Any CPU.Build.0 = Debug|Any CPU
		{695A2187-A435-4889-B848-A217010C12D1}.Release|Any CPU.ActiveCfg = Release|Any CPU
		{695A2187-A435-4889-B848-A217010C12D1}.Release|Any CPU.Build.0 = Release|Any CPU
		{3BB36E4F-4B6A-46C3-9C70-CBC9B6D3E6F8}.Debug|Any CPU.ActiveCfg = Debug|Any CPU
		{3BB36E4F-4B6A-46C3-9C70-CBC9B6D3E6F8}.Debug|Any CPU.Build.0 = Debug|Any CPU
		{3BB36E4F-4B6A-46C3-9C70-CBC9B6D3E6F8}.Release|Any CPU.ActiveCfg = Release|Any CPU
		{3BB36E4F-4B6A-46C3-9C70-CBC9B6D3E6F8}.Release|Any CPU.Build.0 = Release|Any CPU
		{A53A8FC4-FCBE-4458-8604-8C995B174765}.Debug|Any CPU.ActiveCfg = Debug|Any CPU
		{A53A8FC4-FCBE-4458-8604-8C995B174765}.Debug|Any CPU.Build.0 = Debug|Any CPU
		{A53A8FC4-FCBE-4458-8604-8C995B174765}.Release|Any CPU.ActiveCfg = Release|Any CPU
		{A53A8FC4-FCBE-4458-8604-8C995B174765}.Release|Any CPU.Build.0 = Release|Any CPU
		{6294B79B-C53C-49B9-B903-58B489FCC3E5}.Debug|Any CPU.ActiveCfg = Debug|Any CPU
		{6294B79B-C53C-49B9-B903-58B489FCC3E5}.Debug|Any CPU.Build.0 = Debug|Any CPU
		{6294B79B-C53C-49B9-B903-58B489FCC3E5}.Release|Any CPU.ActiveCfg = Release|Any CPU
		{6294B79B-C53C-49B9-B903-58B489FCC3E5}.Release|Any CPU.Build.0 = Release|Any CPU
		{DCF8E3D0-A515-444E-9616-E10704D5D40D}.Debug|Any CPU.ActiveCfg = Debug|Any CPU
		{DCF8E3D0-A515-444E-9616-E10704D5D40D}.Debug|Any CPU.Build.0 = Debug|Any CPU
		{DCF8E3D0-A515-444E-9616-E10704D5D40D}.Release|Any CPU.ActiveCfg = Release|Any CPU
		{DCF8E3D0-A515-444E-9616-E10704D5D40D}.Release|Any CPU.Build.0 = Release|Any CPU
	EndGlobalSection
	GlobalSection(NestedProjects) = preSolution
		{A53A8FC4-FCBE-4458-8604-8C995B174765} = {E27F9E71-EA58-4C6F-9BBB-A4A4BC05954B}
		{CF05AAE5-C2A9-4939-96AE-BC43FE0D4227} = {E27F9E71-EA58-4C6F-9BBB-A4A4BC05954B}
		{695A2187-A435-4889-B848-A217010C12D1} = {E27F9E71-EA58-4C6F-9BBB-A4A4BC05954B}
		{3BB36E4F-4B6A-46C3-9C70-CBC9B6D3E6F8} = {E27F9E71-EA58-4C6F-9BBB-A4A4BC05954B}
		{3789272F-75FD-4346-A7CF-B78F3BDC8ADD} = {E27F9E71-EA58-4C6F-9BBB-A4A4BC05954B}
		{9FA93316-901D-4E65-9DD9-63A477EE85AA} = {E27F9E71-EA58-4C6F-9BBB-A4A4BC05954B}
		{CC983671-96A7-408C-8CEF-FD2C0C048157} = {E27F9E71-EA58-4C6F-9BBB-A4A4BC05954B}
		{6294B79B-C53C-49B9-B903-58B489FCC3E5} = {E27F9E71-EA58-4C6F-9BBB-A4A4BC05954B}
		{DCF8E3D0-A515-444E-9616-E10704D5D40D} = {E27F9E71-EA58-4C6F-9BBB-A4A4BC05954B}
	EndGlobalSection
EndGlobal
